
Microsoft Visual Studio Solution File, Format Version 12.00
# Visual Studio Version 17
VisualStudioVersion = 17.1.32210.238
MinimumVisualStudioVersion = 10.0.40219.1
Project("{FAE04EC0-301F-11D3-BF4B-00C04F79EFBC}") = "BookServer.DAL", "BookServer.DAL\BookServer.DAL.csproj", "{BCBF6A3B-BD96-4016-A42E-206D537CCC97}"
EndProject
Project("{FAE04EC0-301F-11D3-BF4B-00C04F79EFBC}") = "BookServer.BLL", "BookServer.BLL\BookServer.BLL.csproj", "{8F06F3A2-6962-41E1-A733-DA75B082541E}"
EndProject
Project("{FAE04EC0-301F-11D3-BF4B-00C04F79EFBC}") = "BookServer.API", "BookServer.API\BookServer.API.csproj", "{7CC9DCC3-C94B-496F-A3C8-D518BD767BC2}"
EndProject
Global
	GlobalSection(SolutionConfigurationPlatforms) = preSolution
		Debug|Any CPU = Debug|Any CPU
		Release|Any CPU = Release|Any CPU
	EndGlobalSection
	GlobalSection(ProjectConfigurationPlatforms) = postSolution
		{BCBF6A3B-BD96-4016-A42E-206D537CCC97}.Debug|Any CPU.ActiveCfg = Debug|Any CPU
		{BCBF6A3B-BD96-4016-A42E-206D537CCC97}.Debug|Any CPU.Build.0 = Debug|Any CPU
		{BCBF6A3B-BD96-4016-A42E-206D537CCC97}.Release|Any CPU.ActiveCfg = Release|Any CPU
		{BCBF6A3B-BD96-4016-A42E-206D537CCC97}.Release|Any CPU.Build.0 = Release|Any CPU
		{8F06F3A2-6962-41E1-A733-DA75B082541E}.Debug|Any CPU.ActiveCfg = Debug|Any CPU
		{8F06F3A2-6962-41E1-A733-DA75B082541E}.Debug|Any CPU.Build.0 = Debug|Any CPU
		{8F06F3A2-6962-41E1-A733-DA75B082541E}.Release|Any CPU.ActiveCfg = Release|Any CPU
		{8F06F3A2-6962-41E1-A733-DA75B082541E}.Release|Any CPU.Build.0 = Release|Any CPU
		{7CC9DCC3-C94B-496F-A3C8-D518BD767BC2}.Debug|Any CPU.ActiveCfg = Debug|Any CPU
		{7CC9DCC3-C94B-496F-A3C8-D518BD767BC2}.Debug|Any CPU.Build.0 = Debug|Any CPU
		{7CC9DCC3-C94B-496F-A3C8-D518BD767BC2}.Release|Any CPU.ActiveCfg = Release|Any CPU
		{7CC9DCC3-C94B-496F-A3C8-D518BD767BC2}.Release|Any CPU.Build.0 = Release|Any CPU
	EndGlobalSection
	GlobalSection(SolutionProperties) = preSolution
		HideSolutionNode = FALSE
	EndGlobalSection
	GlobalSection(ExtensibilityGlobals) = postSolution
		SolutionGuid = {37B4E5E1-EC88-4762-9320-766812975680}
	EndGlobalSection
EndGlobal
